
Microsoft Visual Studio Solution File, Format Version 12.00
# Visual Studio Version 17
VisualStudioVersion = 17.1.32421.90
MinimumVisualStudioVersion = 10.0.40219.1
Project("{FAE04EC0-301F-11D3-BF4B-00C04F79EFBC}") = "AddressBookLinq", "AddressBookLinq\AddressBookLinq.csproj", "{03B6E6B7-BCF1-43C6-89E1-C5AA32365432}"
EndProject
Global
	GlobalSection(SolutionConfigurationPlatforms) = preSolution
		Debug|Any CPU = Debug|Any CPU
		Release|Any CPU = Release|Any CPU
	EndGlobalSection
	GlobalSection(ProjectConfigurationPlatforms) = postSolution
		{03B6E6B7-BCF1-43C6-89E1-C5AA32365432}.Debug|Any CPU.ActiveCfg = Debug|Any CPU
		{03B6E6B7-BCF1-43C6-89E1-C5AA32365432}.Debug|Any CPU.Build.0 = Debug|Any CPU
		{03B6E6B7-BCF1-43C6-89E1-C5AA32365432}.Release|Any CPU.ActiveCfg = Release|Any CPU
		{03B6E6B7-BCF1-43C6-89E1-C5AA32365432}.Release|Any CPU.Build.0 = Release|Any CPU
	EndGlobalSection
	GlobalSection(SolutionProperties) = preSolution
		HideSolutionNode = FALSE
	EndGlobalSection
	GlobalSection(ExtensibilityGlobals) = postSolution
		SolutionGuid = {4CDF25F0-A9B6-4501-97B3-8C93091DA7B2}
	EndGlobalSection
EndGlobal
